
Microsoft Visual Studio Solution File, Format Version 12.00
# Visual Studio Version 17
VisualStudioVersion = 17.1.32328.378
MinimumVisualStudioVersion = 10.0.40219.1
Project("{FAE04EC0-301F-11D3-BF4B-00C04F79EFBC}") = "SP3-Inicio", "SP3-Inicio\SP3-Inicio.csproj", "{EF8CD493-CF6B-4191-AE3C-3FEF878D26F6}"
EndProject
Global
	GlobalSection(SolutionConfigurationPlatforms) = preSolution
		Debug|Any CPU = Debug|Any CPU
		Release|Any CPU = Release|Any CPU
	EndGlobalSection
	GlobalSection(ProjectConfigurationPlatforms) = postSolution
		{EF8CD493-CF6B-4191-AE3C-3FEF878D26F6}.Debug|Any CPU.ActiveCfg = Debug|Any CPU
		{EF8CD493-CF6B-4191-AE3C-3FEF878D26F6}.Debug|Any CPU.Build.0 = Debug|Any CPU
		{EF8CD493-CF6B-4191-AE3C-3FEF878D26F6}.Release|Any CPU.ActiveCfg = Release|Any CPU
		{EF8CD493-CF6B-4191-AE3C-3FEF878D26F6}.Release|Any CPU.Build.0 = Release|Any CPU
	EndGlobalSection
	GlobalSection(SolutionProperties) = preSolution
		HideSolutionNode = FALSE
	EndGlobalSection
	GlobalSection(ExtensibilityGlobals) = postSolution
		SolutionGuid = {5EEF0B21-142E-46F0-A5C8-10D88A93F71B}
	EndGlobalSection
EndGlobal
